{
  "nodes": {
    "flake-utils": {
      "locked": {
        "lastModified": 1659877975,
        "narHash": "sha256-zllb8aq3YO3h8B/U0/J1WBgAL8EX5yWf5pMj3G0NAmc=",
        "owner": "numtide",
        "repo": "flake-utils",
        "rev": "c0e246b9b83f637f4681389ecabcb2681b4f3af0",
        "type": "github"
      },
      "original": {
        "owner": "numtide",
        "repo": "flake-utils",
        "type": "github"
      }
    },
    "home-manager": {
      "inputs": {
        "nixpkgs": [
          "nixpkgs"
        ]
      },
      "locked": {
        "lastModified": 1714931954,
        "narHash": "sha256-QXpLmgmisNK2Zgpnu9DiO9ScrKJuJ4zmiMTNpObVIuk=",
        "owner": "nix-community",
        "repo": "home-manager",
        "rev": "3dfe05aa9b5646995ace887931fa60269a039777",
        "type": "github"
      },
      "original": {
        "owner": "nix-community",
        "repo": "home-manager",
        "type": "github"
      }
    },
    "nixGL": {
      "inputs": {
        "flake-utils": "flake-utils",
        "nixpkgs": [
          "nixpkgs"
        ]
      },
      "locked": {
        "lastModified": 1711239329,
        "narHash": "sha256-YwifThbV0A8BwsctouBdNjLvUnx6/5DY0LN2RNFOAKU=",
        "owner": "krscott",
        "repo": "nixGL",
        "rev": "ae262f04d367491af3e3722651da0bf7505adb9f",
        "type": "github"
      },
      "original": {
        "owner": "krscott",
        "repo": "nixGL",
        "type": "github"
      }
    },
    "nixpkgs": {
      "locked": {
        "lastModified": 1714763106,
        "narHash": "sha256-DrDHo74uTycfpAF+/qxZAMlP/Cpe04BVioJb6fdI0YY=",
        "owner": "nixos",
        "repo": "nixpkgs",
        "rev": "e9be42459999a253a9f92559b1f5b72e1b44c13d",
        "type": "github"
      },
      "original": {
        "owner": "nixos",
        "ref": "nixos-unstable",
        "repo": "nixpkgs",
        "type": "github"
      }
    },
    "root": {
      "inputs": {
        "home-manager": "home-manager",
        "nixGL": "nixGL",
        "nixpkgs": "nixpkgs"
      }
    }
  },
  "root": "root",
  "version": 7
}
